
Microsoft Visual Studio Solution File, Format Version 12.00
# Visual Studio Version 16
VisualStudioVersion = 16.0.30523.141
MinimumVisualStudioVersion = 10.0.40219.1
Project("{9A19103F-16F7-4668-BE54-9A1E7A4F7556}") = "DB_Engine", "DB_Engine\DB_Engine.csproj", "{AE525184-C5DD-4486-AA2F-48AC3F86D5D9}"
EndProject
Project("{2150E333-8FDC-42A3-9474-1A3956D46DE8}") = "DBEngine", "DBEngine", "{936A5DC9-9F8F-4270-893A-E03C0B099E08}"
EndProject
Project("{2150E333-8FDC-42A3-9474-1A3956D46DE8}") = "Clients", "Clients", "{E4D46B07-29B2-4FC4-A75B-51E6E298384C}"
EndProject
Project("{9A19103F-16F7-4668-BE54-9A1E7A4F7556}") = "ConsoleClient", "ConsoleClient\ConsoleClient.csproj", "{0EBBF228-3EDD-473D-A394-31184DD11D6A}"
EndProject
Project("{9A19103F-16F7-4668-BE54-9A1E7A4F7556}") = "DB_EngineTest", "DB_EngineTest\DB_EngineTest.csproj", "{AFC09126-442C-46D4-AE07-9254D1031605}"
EndProject
Project("{9A19103F-16F7-4668-BE54-9A1E7A4F7556}") = "WinFormClient", "WinFormClient\WinFormClient.csproj", "{29266B29-1A15-47CD-93FE-5974B30A5D83}"
EndProject
Project("{2150E333-8FDC-42A3-9474-1A3956D46DE8}") = "Hosts", "Hosts", "{421E80E2-FA1E-448A-977C-5D4CE0FDDC5B}"
EndProject
Project("{FAE04EC0-301F-11D3-BF4B-00C04F79EFBC}") = "GrpcServer", "GrpcServer\GrpcServer.csproj", "{D9AE2666-F998-4869-B17E-ED469378365D}"
EndProject
Global
	GlobalSection(SolutionConfigurationPlatforms) = preSolution
		Debug|Any CPU = Debug|Any CPU
		Release|Any CPU = Release|Any CPU
	EndGlobalSection
	GlobalSection(ProjectConfigurationPlatforms) = postSolution
		{AE525184-C5DD-4486-AA2F-48AC3F86D5D9}.Debug|Any CPU.ActiveCfg = Debug|Any CPU
		{AE525184-C5DD-4486-AA2F-48AC3F86D5D9}.Debug|Any CPU.Build.0 = Debug|Any CPU
		{AE525184-C5DD-4486-AA2F-48AC3F86D5D9}.Release|Any CPU.ActiveCfg = Release|Any CPU
		{AE525184-C5DD-4486-AA2F-48AC3F86D5D9}.Release|Any CPU.Build.0 = Release|Any CPU
		{0EBBF228-3EDD-473D-A394-31184DD11D6A}.Debug|Any CPU.ActiveCfg = Debug|Any CPU
		{0EBBF228-3EDD-473D-A394-31184DD11D6A}.Debug|Any CPU.Build.0 = Debug|Any CPU
		{0EBBF228-3EDD-473D-A394-31184DD11D6A}.Release|Any CPU.ActiveCfg = Release|Any CPU
		{0EBBF228-3EDD-473D-A394-31184DD11D6A}.Release|Any CPU.Build.0 = Release|Any CPU
		{AFC09126-442C-46D4-AE07-9254D1031605}.Debug|Any CPU.ActiveCfg = Debug|Any CPU
		{AFC09126-442C-46D4-AE07-9254D1031605}.Debug|Any CPU.Build.0 = Debug|Any CPU
		{AFC09126-442C-46D4-AE07-9254D1031605}.Release|Any CPU.ActiveCfg = Release|Any CPU
		{AFC09126-442C-46D4-AE07-9254D1031605}.Release|Any CPU.Build.0 = Release|Any CPU
		{29266B29-1A15-47CD-93FE-5974B30A5D83}.Debug|Any CPU.ActiveCfg = Debug|Any CPU
		{29266B29-1A15-47CD-93FE-5974B30A5D83}.Debug|Any CPU.Build.0 = Debug|Any CPU
		{29266B29-1A15-47CD-93FE-5974B30A5D83}.Release|Any CPU.ActiveCfg = Release|Any CPU
		{29266B29-1A15-47CD-93FE-5974B30A5D83}.Release|Any CPU.Build.0 = Release|Any CPU
		{D9AE2666-F998-4869-B17E-ED469378365D}.Debug|Any CPU.ActiveCfg = Debug|Any CPU
		{D9AE2666-F998-4869-B17E-ED469378365D}.Debug|Any CPU.Build.0 = Debug|Any CPU
		{D9AE2666-F998-4869-B17E-ED469378365D}.Release|Any CPU.ActiveCfg = Release|Any CPU
		{D9AE2666-F998-4869-B17E-ED469378365D}.Release|Any CPU.Build.0 = Release|Any CPU
	EndGlobalSection
	GlobalSection(SolutionProperties) = preSolution
		HideSolutionNode = FALSE
	EndGlobalSection
	GlobalSection(NestedProjects) = preSolution
		{AE525184-C5DD-4486-AA2F-48AC3F86D5D9} = {936A5DC9-9F8F-4270-893A-E03C0B099E08}
		{0EBBF228-3EDD-473D-A394-31184DD11D6A} = {E4D46B07-29B2-4FC4-A75B-51E6E298384C}
		{AFC09126-442C-46D4-AE07-9254D1031605} = {936A5DC9-9F8F-4270-893A-E03C0B099E08}
		{29266B29-1A15-47CD-93FE-5974B30A5D83} = {E4D46B07-29B2-4FC4-A75B-51E6E298384C}
		{D9AE2666-F998-4869-B17E-ED469378365D} = {421E80E2-FA1E-448A-977C-5D4CE0FDDC5B}
	EndGlobalSection
	GlobalSection(ExtensibilityGlobals) = postSolution
		SolutionGuid = {508CB77A-430D-452D-8813-092AA5A27B82}
	EndGlobalSection
EndGlobal
